
Microsoft Visual Studio Solution File, Format Version 12.00
# Visual Studio Version 16
VisualStudioVersion = 16.0.33328.57
MinimumVisualStudioVersion = 10.0.40219.1
Project("{FAE04EC0-301F-11D3-BF4B-00C04F79EFBC}") = "Logica", "Logica\Logica.csproj", "{5FE8FFFA-E876-4025-BF00-C11720FBC6B2}"
EndProject
Project("{FAE04EC0-301F-11D3-BF4B-00C04F79EFBC}") = "Modelo", "Modelo\Modelo.csproj", "{CAA2539C-0605-40C0-88C3-A1E91DE3D182}"
EndProject
Project("{FAE04EC0-301F-11D3-BF4B-00C04F79EFBC}") = "Seguridad", "Seguridad\Seguridad.csproj", "{DBEBF05C-AAE0-469E-8D56-7ABEB0414ED6}"
EndProject
Project("{FAE04EC0-301F-11D3-BF4B-00C04F79EFBC}") = "Web", "Web\Web.csproj", "{348D877D-472C-4996-8F1E-4AA0C0A2E173}"
EndProject
Project("{FAE04EC0-301F-11D3-BF4B-00C04F79EFBC}") = "Datos", "Datos\Datos.csproj", "{F2D975BF-578D-4495-A668-84CA856619FD}"
EndProject
Global
	GlobalSection(SolutionConfigurationPlatforms) = preSolution
		Debug|Any CPU = Debug|Any CPU
		Release|Any CPU = Release|Any CPU
	EndGlobalSection
	GlobalSection(ProjectConfigurationPlatforms) = postSolution
		{5FE8FFFA-E876-4025-BF00-C11720FBC6B2}.Debug|Any CPU.ActiveCfg = Debug|Any CPU
		{5FE8FFFA-E876-4025-BF00-C11720FBC6B2}.Debug|Any CPU.Build.0 = Debug|Any CPU
		{5FE8FFFA-E876-4025-BF00-C11720FBC6B2}.Release|Any CPU.ActiveCfg = Release|Any CPU
		{5FE8FFFA-E876-4025-BF00-C11720FBC6B2}.Release|Any CPU.Build.0 = Release|Any CPU
		{CAA2539C-0605-40C0-88C3-A1E91DE3D182}.Debug|Any CPU.ActiveCfg = Debug|Any CPU
		{CAA2539C-0605-40C0-88C3-A1E91DE3D182}.Debug|Any CPU.Build.0 = Debug|Any CPU
		{CAA2539C-0605-40C0-88C3-A1E91DE3D182}.Release|Any CPU.ActiveCfg = Release|Any CPU
		{CAA2539C-0605-40C0-88C3-A1E91DE3D182}.Release|Any CPU.Build.0 = Release|Any CPU
		{DBEBF05C-AAE0-469E-8D56-7ABEB0414ED6}.Debug|Any CPU.ActiveCfg = Debug|Any CPU
		{DBEBF05C-AAE0-469E-8D56-7ABEB0414ED6}.Debug|Any CPU.Build.0 = Debug|Any CPU
		{DBEBF05C-AAE0-469E-8D56-7ABEB0414ED6}.Release|Any CPU.ActiveCfg = Release|Any CPU
		{DBEBF05C-AAE0-469E-8D56-7ABEB0414ED6}.Release|Any CPU.Build.0 = Release|Any CPU
		{348D877D-472C-4996-8F1E-4AA0C0A2E173}.Debug|Any CPU.ActiveCfg = Debug|Any CPU
		{348D877D-472C-4996-8F1E-4AA0C0A2E173}.Debug|Any CPU.Build.0 = Debug|Any CPU
		{348D877D-472C-4996-8F1E-4AA0C0A2E173}.Release|Any CPU.ActiveCfg = Release|Any CPU
		{348D877D-472C-4996-8F1E-4AA0C0A2E173}.Release|Any CPU.Build.0 = Release|Any CPU
		{F2D975BF-578D-4495-A668-84CA856619FD}.Debug|Any CPU.ActiveCfg = Debug|Any CPU
		{F2D975BF-578D-4495-A668-84CA856619FD}.Debug|Any CPU.Build.0 = Debug|Any CPU
		{F2D975BF-578D-4495-A668-84CA856619FD}.Release|Any CPU.ActiveCfg = Release|Any CPU
		{F2D975BF-578D-4495-A668-84CA856619FD}.Release|Any CPU.Build.0 = Release|Any CPU
	EndGlobalSection
	GlobalSection(SolutionProperties) = preSolution
		HideSolutionNode = FALSE
	EndGlobalSection
	GlobalSection(ExtensibilityGlobals) = postSolution
		SolutionGuid = {2990D5DC-9954-4310-BC2D-BDB070F63355}
	EndGlobalSection
EndGlobal
